// !$*UTF8*$!
{
	archiveVersion = 1;
	classes = {
	};
	objectVersion = 50;
	objects = {

/* Begin PBXBuildFile section */
		F50616CA2680D8040089998C /* AppDelegate.swift in Sources */ = {isa = PBXBuildFile; fileRef = F50616C92680D8040089998C /* AppDelegate.swift */; };
		F50616CC2680D8040089998C /* SceneDelegate.swift in Sources */ = {isa = PBXBuildFile; fileRef = F50616CB2680D8040089998C /* SceneDelegate.swift */; };
		F50616CE2680D8040089998C /* ItemsViewController.swift in Sources */ = {isa = PBXBuildFile; fileRef = F50616CD2680D8040089998C /* ItemsViewController.swift */; };
		F50616D12680D8040089998C /* Main.storyboard in Resources */ = {isa = PBXBuildFile; fileRef = F50616CF2680D8040089998C /* Main.storyboard */; };
		F50616D32680D8070089998C /* Assets.xcassets in Resources */ = {isa = PBXBuildFile; fileRef = F50616D22680D8070089998C /* Assets.xcassets */; };
		F50616D62680D8070089998C /* LaunchScreen.storyboard in Resources */ = {isa = PBXBuildFile; fileRef = F50616D42680D8070089998C /* LaunchScreen.storyboard */; };
		F577EA342689D34F00910339 /* DetailsViewController.swift in Sources */ = {isa = PBXBuildFile; fileRef = F577EA332689D34F00910339 /* DetailsViewController.swift */; };
/* End PBXBuildFile section */

/* Begin PBXFileReference section */
		F50616C62680D8040089998C /* UIKitHomeworks.app */ = {isa = PBXFileReference; explicitFileType = wrapper.application; includeInIndex = 0; path = UIKitHomeworks.app; sourceTree = BUILT_PRODUCTS_DIR; };
		F50616C92680D8040089998C /* AppDelegate.swift */ = {isa = PBXFileReference; lastKnownFileType = sourcecode.swift; path = AppDelegate.swift; sourceTree = "<group>"; };
		F50616CB2680D8040089998C /* SceneDelegate.swift */ = {isa = PBXFileReference; lastKnownFileType = sourcecode.swift; path = SceneDelegate.swift; sourceTree = "<group>"; };
		F50616CD2680D8040089998C /* ItemsViewController.swift */ = {isa = PBXFileReference; lastKnownFileType = sourcecode.swift; path = ItemsViewController.swift; sourceTree = "<group>"; };
		F50616D02680D8040089998C /* Base */ = {isa = PBXFileReference; lastKnownFileType = file.storyboard; name = Base; path = Base.lproj/Main.storyboard; sourceTree = "<group>"; };
		F50616D22680D8070089998C /* Assets.xcassets */ = {isa = PBXFileReference; lastKnownFileType = folder.assetcatalog; path = Assets.xcassets; sourceTree = "<group>"; };
		F50616D52680D8070089998C /* Base */ = {isa = PBXFileReference; lastKnownFileType = file.storyboard; name = Base; path = Base.lproj/LaunchScreen.storyboard; sourceTree = "<group>"; };
		F50616D72680D8070089998C /* Info.plist */ = {isa = PBXFileReference; lastKnownFileType = text.plist.xml; path = Info.plist; sourceTree = "<group>"; };
		F577EA332689D34F00910339 /* DetailsViewController.swift */ = {isa = PBXFileReference; lastKnownFileType = sourcecode.swift; path = DetailsViewController.swift; sourceTree = "<group>"; };
/* End PBXFileReference section */

/* Begin PBXFrameworksBuildPhase section */
		F50616C32680D8040089998C /* Frameworks */ = {
			isa = PBXFrameworksBuildPhase;
			buildActionMask = 2147483647;
			files = (
			);
			runOnlyForDeploymentPostprocessing = 0;
		};
/* End PBXFrameworksBuildPhase section */

/* Begin PBXGroup section */
		F50616BD2680D8040089998C = {
			isa = PBXGroup;
			children = (
				F50616C82680D8040089998C /* UIKitHomeworks */,
				F50616C72680D8040089998C /* Products */,
			);
			sourceTree = "<group>";
		};
		F50616C72680D8040089998C /* Products */ = {
			isa = PBXGroup;
			children = (
				F50616C62680D8040089998C /* UIKitHomeworks.app */,
			);
			name = Products;
			sourceTree = "<group>";
		};
		F50616C82680D8040089998C /* UIKitHomeworks */ = {
			isa = PBXGroup;
			children = (
				F50616C92680D8040089998C /* AppDelegate.swift */,
				F50616CB2680D8040089998C /* SceneDelegate.swift */,
				F50616CD2680D8040089998C /* ItemsViewController.swift */,
				F577EA332689D34F00910339 /* DetailsViewController.swift */,
				F50616CF2680D8040089998C /* Main.storyboard */,
				F50616D22680D8070089998C /* Assets.xcassets */,
				F50616D42680D8070089998C /* LaunchScreen.storyboard */,
				F50616D72680D8070089998C /* Info.plist */,
			);
			path = UIKitHomeworks;
			sourceTree = "<group>";
		};
/* End PBXGroup section */

/* Begin PBXNativeTarget section */
		F50616C52680D8040089998C /* UIKitHomeworks */ = {
			isa = PBXNativeTarget;
			buildConfigurationList = F50616DA2680D8070089998C /* Build configuration list for PBXNativeTarget "UIKitHomeworks" */;
			buildPhases = (
				F50616C22680D8040089998C /* Sources */,
				F50616C32680D8040089998C /* Frameworks */,
				F50616C42680D8040089998C /* Resources */,
			);
			buildRules = (
			);
			dependencies = (
			);
			name = UIKitHomeworks;
			productName = UIKitHomeworks;
			productReference = F50616C62680D8040089998C /* UIKitHomeworks.app */;
			productType = "com.apple.product-type.application";
		};
/* End PBXNativeTarget section */

/* Begin PBXProject section */
		F50616BE2680D8040089998C /* Project object */ = {
			isa = PBXProject;
			attributes = {
				LastSwiftUpdateCheck = 1250;
				LastUpgradeCheck = 1250;
				TargetAttributes = {
					F50616C52680D8040089998C = {
						CreatedOnToolsVersion = 12.5;
					};
				};
			};
			buildConfigurationList = F50616C12680D8040089998C /* Build configuration list for PBXProject "UIKitHomeworks" */;
			compatibilityVersion = "Xcode 9.3";
			developmentRegion = en;
			hasScannedForEncodings = 0;
			knownRegions = (
				en,
				Base,
			);
			mainGroup = F50616BD2680D8040089998C;
			productRefGroup = F50616C72680D8040089998C /* Products */;
			projectDirPath = "";
			projectRoot = "";
			targets = (
				F50616C52680D8040089998C /* UIKitHomeworks */,
			);
		};
/* End PBXProject section */

/* Begin PBXResourcesBuildPhase section */
		F50616C42680D8040089998C /* Resources */ = {
			isa = PBXResourcesBuildPhase;
			buildActionMask = 2147483647;
			files = (
				F50616D62680D8070089998C /* LaunchScreen.storyboard in Resources */,
				F50616D32680D8070089998C /* Assets.xcassets in Resources */,
				F50616D12680D8040089998C /* Main.storyboard in Resources */,
			);
			runOnlyForDeploymentPostprocessing = 0;
		};
/* End PBXResourcesBuildPhase section */

/* Begin PBXSourcesBuildPhase section */
		F50616C22680D8040089998C /* Sources */ = {
			isa = PBXSourcesBuildPhase;
			buildActionMask = 2147483647;
			files = (
				F50616CE2680D8040089998C /* ItemsViewController.swift in Sources */,
				F577EA342689D34F00910339 /* DetailsViewController.swift in Sources */,
				F50616CA2680D8040089998C /* AppDelegate.swift in Sources */,
				F50616CC2680D8040089998C /* SceneDelegate.swift in Sources */,
			);
			runOnlyForDeploymentPostprocessing = 0;
		};
/* End PBXSourcesBuildPhase section */

/* Begin PBXVariantGroup section */
		F50616CF2680D8040089998C /* Main.storyboard */ = {
			isa = PBXVariantGroup;
			children = (
				F50616D02680D8040089998C /* Base */,
			);
			name = Main.storyboard;
			sourceTree = "<group>";
		};
		F50616D42680D8070089998C /* LaunchScreen.storyboard */ = {
			isa = PBXVariantGroup;
			children = (
				F50616D52680D8070089998C /* Base */,
			);
			name = LaunchScreen.storyboard;
			sourceTree = "<group>";
		};
/* End PBXVariantGroup section */

/* Begin XCBuildConfiguration section */
		F50616D82680D8070089998C /* Debug */ = {
			isa = XCBuildConfiguration;
			buildSettings = {
				ALWAYS_SEARCH_USER_PATHS = NO;
				CLANG_ANALYZER_NONNULL = YES;
				CLANG_ANALYZER_NUMBER_OBJECT_CONVERSION = YES_AGGRESSIVE;
				CLANG_CXX_LANGUAGE_STANDARD = "gnu++14";
				CLANG_CXX_LIBRARY = "libc++";
				CLANG_ENABLE_MODULES = YES;
				CLANG_ENABLE_OBJC_ARC = YES;
				CLANG_ENABLE_OBJC_WEAK = YES;
				CLANG_WARN_BLOCK_CAPTURE_AUTORELEASING = YES;
				CLANG_WARN_BOOL_CONVERSION = YES;
				CLANG_WARN_COMMA = YES;
				CLANG_WARN_CONSTANT_CONVERSION = YES;
				CLANG_WARN_DEPRECATED_OBJC_IMPLEMENTATIONS = YES;
				CLANG_WARN_DIRECT_OBJC_ISA_USAGE = YES_ERROR;
				CLANG_WARN_DOCUMENTATION_COMMENTS = YES;
				CLANG_WARN_EMPTY_BODY = YES;
				CLANG_WARN_ENUM_CONVERSION = YES;
				CLANG_WARN_INFINITE_RECURSION = YES;
				CLANG_WARN_INT_CONVERSION = YES;
				CLANG_WARN_NON_LITERAL_NULL_CONVERSION = YES;
				CLANG_WARN_OBJC_IMPLICIT_RETAIN_SELF = YES;
				CLANG_WARN_OBJC_LITERAL_CONVERSION = YES;
				CLANG_WARN_OBJC_ROOT_CLASS = YES_ERROR;
				CLANG_WARN_QUOTED_INCLUDE_IN_FRAMEWORK_HEADER = YES;
				CLANG_WARN_RANGE_LOOP_ANALYSIS = YES;
				CLANG_WARN_STRICT_PROTOTYPES = YES;
				CLANG_WARN_SUSPICIOUS_MOVE = YES;
				CLANG_WARN_UNGUARDED_AVAILABILITY = YES_AGGRESSIVE;
				CLANG_WARN_UNREACHABLE_CODE = YES;
				CLANG_WARN__DUPLICATE_METHOD_MATCH = YES;
				COPY_PHASE_STRIP = NO;
				DEBUG_INFORMATION_FORMAT = dwarf;
				ENABLE_STRICT_OBJC_MSGSEND = YES;
				ENABLE_TESTABILITY = YES;
				GCC_C_LANGUAGE_STANDARD = gnu11;
				GCC_DYNAMIC_NO_PIC = NO;
				GCC_NO_COMMON_BLOCKS = YES;
				GCC_OPTIMIZATION_LEVEL = 0;
				GCC_PREPROCESSOR_DEFINITIONS = (
					"DEBUG=1",
					"$(inherited)",
				);
				GCC_WARN_64_TO_32_BIT_CONVERSION = YES;
				GCC_WARN_ABOUT_RETURN_TYPE = YES_ERROR;
				GCC_WARN_UNDECLARED_SELECTOR = YES;
				GCC_WARN_UNINITIALIZED_AUTOS = YES_AGGRESSIVE;
				GCC_WARN_UNUSED_FUNCTION = YES;
				GCC_WARN_UNUSED_VARIABLE = YES;
				IPHONEOS_DEPLOYMENT_TARGET = 14.5;
				MTL_ENABLE_DEBUG_INFO = INCLUDE_SOURCE;
				MTL_FAST_MATH = YES;
				ONLY_ACTIVE_ARCH = YES;
				SDKROOT = iphoneos;
				SWIFT_ACTIVE_COMPILATION_CONDITIONS = DEBUG;
				SWIFT_OPTIMIZATION_LEVEL = "-Onone";
			};
			name = Debug;
		};
		F50616D92680D8070089998C /* Release */ = {
			isa = XCBuildConfiguration;
			buildSettings = {
				ALWAYS_SEARCH_USER_PATHS = NO;
				CLANG_ANALYZER_NONNULL = YES;
				CLANG_ANALYZER_NUMBER_OBJECT_CONVERSION = YES_AGGRESSIVE;
				CLANG_CXX_LANGUAGE_STANDARD = "gnu++14";
				CLANG_CXX_LIBRARY = "libc++";
				CLANG_ENABLE_MODULES = YES;
				CLANG_ENABLE_OBJC_ARC = YES;
				CLANG_ENABLE_OBJC_WEAK = YES;
				CLANG_WARN_BLOCK_CAPTURE_AUTORELEASING = YES;
				CLANG_WARN_BOOL_CONVERSION = YES;
				CLANG_WARN_COMMA = YES;
				CLANG_WARN_CONSTANT_CONVERSION = YES;
				CLANG_WARN_DEPRECATED_OBJC_IMPLEMENTATIONS = YES;
				CLANG_WARN_DIRECT_OBJC_ISA_USAGE = YES_ERROR;
				CLANG_WARN_DOCUMENTATION_COMMENTS = YES;
				CLANG_WARN_EMPTY_BODY = YES;
				CLANG_WARN_ENUM_CONVERSION = YES;
				CLANG_WARN_INFINITE_RECURSION = YES;
				CLANG_WARN_INT_CONVERSION = YES;
				CLANG_WARN_NON_LITERAL_NULL_CONVERSION = YES;
				CLANG_WARN_OBJC_IMPLICIT_RETAIN_SELF = YES;
				CLANG_WARN_OBJC_LITERAL_CONVERSION = YES;
				CLANG_WARN_OBJC_ROOT_CLASS = YES_ERROR;
				CLANG_WARN_QUOTED_INCLUDE_IN_FRAMEWORK_HEADER = YES;
				CLANG_WARN_RANGE_LOOP_ANALYSIS = YES;
				CLANG_WARN_STRICT_PROTOTYPES = YES;
				CLANG_WARN_SUSPICIOUS_MOVE = YES;
				CLANG_WARN_UNGUARDED_AVAILABILITY = YES_AGGRESSIVE;
				CLANG_WARN_UNREACHABLE_CODE = YES;
				CLANG_WARN__DUPLICATE_METHOD_MATCH = YES;
				COPY_PHASE_STRIP = NO;
				DEBUG_INFORMATION_FORMAT = "dwarf-with-dsym";
				ENABLE_NS_ASSERTIONS = NO;
				ENABLE_STRICT_OBJC_MSGSEND = YES;
				GCC_C_LANGUAGE_STANDARD = gnu11;
				GCC_NO_COMMON_BLOCKS = YES;
				GCC_WARN_64_TO_32_BIT_CONVERSION = YES;
				GCC_WARN_ABOUT_RETURN_TYPE = YES_ERROR;
				GCC_WARN_UNDECLARED_SELECTOR = YES;
				GCC_WARN_UNINITIALIZED_AUTOS = YES_AGGRESSIVE;
				GCC_WARN_UNUSED_FUNCTION = YES;
				GCC_WARN_UNUSED_VARIABLE = YES;
				IPHONEOS_DEPLOYMENT_TARGET = 14.5;
				MTL_ENABLE_DEBUG_INFO = NO;
				MTL_FAST_MATH = YES;
				SDKROOT = iphoneos;
				SWIFT_COMPILATION_MODE = wholemodule;
				SWIFT_OPTIMIZATION_LEVEL = "-O";
				VALIDATE_PRODUCT = YES;
			};
			name = Release;
		};
		F50616DB2680D8070089998C /* Debug */ = {
			isa = XCBuildConfiguration;
			buildSettings = {
				ASSETCATALOG_COMPILER_APPICON_NAME = AppIcon;
				ASSETCATALOG_COMPILER_GLOBAL_ACCENT_COLOR_NAME = AccentColor;
				CODE_SIGN_STYLE = Automatic;
				DEVELOPMENT_TEAM = L6HM64TB5U;
				INFOPLIST_FILE = UIKitHomeworks/Info.plist;
				LD_RUNPATH_SEARCH_PATHS = (
					"$(inherited)",
					"@executable_path/Frameworks",
				);
				PRODUCT_BUNDLE_IDENTIFIER = VM.UIKitHomeworks;
				PRODUCT_NAME = "$(TARGET_NAME)";
				SWIFT_VERSION = 5.0;
				TARGETED_DEVICE_FAMILY = "1,2";
			};
			name = Debug;
		};
		F50616DC2680D8070089998C /* Release */ = {
			isa = XCBuildConfiguration;
			buildSettings = {
				ASSETCATALOG_COMPILER_APPICON_NAME = AppIcon;
				ASSETCATALOG_COMPILER_GLOBAL_ACCENT_COLOR_NAME = AccentColor;
				CODE_SIGN_STYLE = Automatic;
				DEVELOPMENT_TEAM = L6HM64TB5U;
				INFOPLIST_FILE = UIKitHomeworks/Info.plist;
				LD_RUNPATH_SEARCH_PATHS = (
					"$(inherited)",
					"@executable_path/Frameworks",
				);
				PRODUCT_BUNDLE_IDENTIFIER = VM.UIKitHomeworks;
				PRODUCT_NAME = "$(TARGET_NAME)";
				SWIFT_VERSION = 5.0;
				TARGETED_DEVICE_FAMILY = "1,2";
			};
			name = Release;
		};
/* End XCBuildConfiguration section */

/* Begin XCConfigurationList section */
		F50616C12680D8040089998C /* Build configuration list for PBXProject "UIKitHomeworks" */ = {
			isa = XCConfigurationList;
			buildConfigurations = (
				F50616D82680D8070089998C /* Debug */,
				F50616D92680D8070089998C /* Release */,
			);
			defaultConfigurationIsVisible = 0;
			defaultConfigurationName = Release;
		};
		F50616DA2680D8070089998C /* Build configuration list for PBXNativeTarget "UIKitHomeworks" */ = {
			isa = XCConfigurationList;
			buildConfigurations = (
				F50616DB2680D8070089998C /* Debug */,
				F50616DC2680D8070089998C /* Release */,
			);
			defaultConfigurationIsVisible = 0;
			defaultConfigurationName = Release;
		};
/* End XCConfigurationList section */
	};
	rootObject = F50616BE2680D8040089998C /* Project object */;
}
